gitlab.com/aao-fyi/shock v0.0.0-20230610204707-2ace6acb9152 h1:BWOtAGcVyuyh5Lv7bChLzdGr6u0wT397DtXZNa7zJ6U=
gitlab.com/aao-fyi/shock v0.0.0-20230610204707-2ace6acb9152/go.mod h1:14/rcSliHOmN2kxdyoQntHnZcBnxGdjgsbT6YZzPjFk=
gitlab.com/aao-fyi/shock v0.0.0-20230621195012-4182a387eb7a h1:tXrBaEXnRRH7KTe1CkJcakvRtoxflqjpdpSqdgzv310=
gitlab.com/aao-fyi/shock v0.0.0-20230621195012-4182a387eb7a/go.mod h1:14/rcSliHOmN2kxdyoQntHnZcBnxGdjgsbT6YZzPjFk=
